
Microsoft Visual Studio Solution File, Format Version 12.00
# Visual Studio 15
VisualStudioVersion = 15.0.26730.16
MinimumVisualStudioVersion = 10.0.40219.1
Project("{FAE04EC0-301F-11D3-BF4B-00C04F79EFBC}") = "Comp229-TeamAssign", "Comp229-TeamAssign\Comp229-TeamAssign.csproj", "{C7D7E6B4-BFE1-4FA8-B8BF-B88FB02C5536}"
EndProject
Global
	GlobalSection(SolutionConfigurationPlatforms) = preSolution
		Debug|Any CPU = Debug|Any CPU
		Release|Any CPU = Release|Any CPU
	EndGlobalSection
	GlobalSection(ProjectConfigurationPlatforms) = postSolution
		{C7D7E6B4-BFE1-4FA8-B8BF-B88FB02C5536}.Debug|Any CPU.ActiveCfg = Debug|Any CPU
		{C7D7E6B4-BFE1-4FA8-B8BF-B88FB02C5536}.Debug|Any CPU.Build.0 = Debug|Any CPU
		{C7D7E6B4-BFE1-4FA8-B8BF-B88FB02C5536}.Release|Any CPU.ActiveCfg = Release|Any CPU
		{C7D7E6B4-BFE1-4FA8-B8BF-B88FB02C5536}.Release|Any CPU.Build.0 = Release|Any CPU
	EndGlobalSection
	GlobalSection(SolutionProperties) = preSolution
		HideSolutionNode = FALSE
	EndGlobalSection
	GlobalSection(ExtensibilityGlobals) = postSolution
		SolutionGuid = {B6E99335-B2BF-45D8-8E89-14937DF73443}
	EndGlobalSection
EndGlobal
